PODS:
  - Firebase/Core (4.8.2):
    - FirebaseAnalytics (= 4.0.9)
    - FirebaseCore (= 4.0.14)
  - Firebase/Database (4.8.2):
    - Firebase/Core
    - FirebaseDatabase (= 4.1.4)
  - Firebase/Messaging (4.8.2):
    - Firebase/Core
    - FirebaseMessaging (= 2.0.8)
  - FirebaseAnalytics (4.0.9):
    - FirebaseCore (~> 4.0)
    - FirebaseInstanceID (~> 2.0)
    - GoogleToolboxForMac/NSData+zlib (~> 2.1)
    - nanopb (~> 0.3)
  - FirebaseCore (4.0.14):
    - GoogleToolboxForMac/NSData+zlib (~> 2.1)
  - FirebaseDatabase (4.1.4):
    - FirebaseAnalytics (~> 4.0)
    - FirebaseCore (~> 4.0)
    - leveldb-library (~> 1.18)
  - FirebaseInstanceID (2.0.8):
    - FirebaseCore (~> 4.0)
  - FirebaseMessaging (2.0.8):
    - FirebaseAnalytics (~> 4.0)
    - FirebaseCore (~> 4.0)
    - FirebaseInstanceID (~> 2.0)
    - GoogleToolboxForMac/Logger (~> 2.1)
    - Protobuf (~> 3.1)
  - GoogleToolboxForMac (2.1.3):
    - GoogleToolboxForMac/Core (= 2.1.3)
    - GoogleToolboxForMac/Defines (= 2.1.3)
    - GoogleToolboxForMac/GeometryUtils (= 2.1.3)
    - GoogleToolboxForMac/KVO (= 2.1.3)
    - GoogleToolboxForMac/Logger (= 2.1.3)
    - GoogleToolboxForMac/NSData+zlib (= 2.1.3)
    - GoogleToolboxForMac/NSDictionary+URLArguments (= 2.1.3)
    - GoogleToolboxForMac/NSFileHandle+UniqueName (= 2.1.3)
    - GoogleToolboxForMac/NSScanner+JSON (= 2.1.3)
    - GoogleToolboxForMac/NSString+HTML (= 2.1.3)
    - GoogleToolboxForMac/NSString+URLArguments (= 2.1.3)
    - GoogleToolboxForMac/NSString+XML (= 2.1.3)
    - GoogleToolboxForMac/NSThread+Blocks (= 2.1.3)
    - GoogleToolboxForMac/Regex (= 2.1.3)
    - GoogleToolboxForMac/StringEncoding (= 2.1.3)
    - GoogleToolboxForMac/SystemVersion (= 2.1.3)
    - GoogleToolboxForMac/URLBuilder (= 2.1.3)
  - GoogleToolboxForMac/Core (2.1.3):
    - GoogleToolboxForMac/Defines (= 2.1.3)
  - GoogleToolboxForMac/DebugUtils (2.1.3):
    - GoogleToolboxForMac/Defines (= 2.1.3)
  - GoogleToolboxForMac/Defines (2.1.3)
  - GoogleToolboxForMac/GeometryUtils (2.1.3):
    - GoogleToolboxForMac/Defines (= 2.1.3)
  - GoogleToolboxForMac/KVO (2.1.3):
    - GoogleToolboxForMac/Core (= 2.1.3)
    - GoogleToolboxForMac/DebugUtils (= 2.1.3)
  - GoogleToolboxForMac/Logger (2.1.3):
    - GoogleToolboxForMac/Defines (= 2.1.3)
  - GoogleToolboxForMac/NSData+zlib (2.1.3):
    - GoogleToolboxForMac/Defines (= 2.1.3)
  - GoogleToolboxForMac/NSDictionary+URLArguments (2.1.3):
    - GoogleToolboxForMac/DebugUtils (= 2.1.3)
    - GoogleToolboxForMac/Defines (= 2.1.3)
    - GoogleToolboxForMac/NSString+URLArguments (= 2.1.3)
  - GoogleToolboxForMac/NSFileHandle+UniqueName (2.1.3):
    - GoogleToolboxForMac/Defines (= 2.1.3)
  - GoogleToolboxForMac/NSScanner+JSON (2.1.3):
    - GoogleToolboxForMac/Defines (= 2.1.3)
  - GoogleToolboxForMac/NSString+HTML (2.1.3):
    - GoogleToolboxForMac/Core (= 2.1.3)
  - GoogleToolboxForMac/NSString+URLArguments (2.1.3)
  - GoogleToolboxForMac/NSString+XML (2.1.3):
    - GoogleToolboxForMac/Defines (= 2.1.3)
  - GoogleToolboxForMac/NSThread+Blocks (2.1.3):
    - GoogleToolboxForMac/Defines (= 2.1.3)
  - GoogleToolboxForMac/Regex (2.1.3):
    - GoogleToolboxForMac/Defines (= 2.1.3)
  - GoogleToolboxForMac/StringEncoding (2.1.3):
    - GoogleToolboxForMac/Defines (= 2.1.3)
  - GoogleToolboxForMac/SystemVersion (2.1.3):
    - GoogleToolboxForMac/Defines (= 2.1.3)
  - GoogleToolboxForMac/URLBuilder (2.1.3):
    - GoogleToolboxForMac/Core (= 2.1.3)
    - GoogleToolboxForMac/Defines (= 2.1.3)
    - GoogleToolboxForMac/NSDictionary+URLArguments (= 2.1.3)
    - GoogleToolboxForMac/NSString+URLArguments (= 2.1.3)
  - leveldb-library (1.20)
  - nanopb (0.3.8):
    - nanopb/decode (= 0.3.8)
    - nanopb/encode (= 0.3.8)
  - nanopb/decode (0.3.8)
  - nanopb/encode (0.3.8)
  - Protobuf (3.5.0)
  - react-native-fetch-blob (0.10.1):
    - React/Core
  - React/BatchedBridge (0.52.0):
    - React/Core
    - React/cxxreact_legacy
  - React/Core (0.52.0):
    - yoga (= 0.52.0.React)
  - React/cxxreact_legacy (0.52.0):
    - React/jschelpers_legacy
    - React/jsinspector_legacy
  - React/DevSupport (0.52.0):
    - React/Core
    - React/RCTWebSocket
  - React/fishhook (0.52.0)
  - React/jschelpers_legacy (0.52.0)
  - React/jsinspector_legacy (0.52.0)
  - React/RCTActionSheet (0.52.0):
    - React/Core
  - React/RCTAnimation (0.52.0):
    - React/Core
  - React/RCTBlob (0.52.0):
    - React/Core
  - React/RCTGeolocation (0.52.0):
    - React/Core
  - React/RCTImage (0.52.0):
    - React/Core
    - React/RCTNetwork
  - React/RCTLinkingIOS (0.52.0):
    - React/Core
  - React/RCTNetwork (0.52.0):
    - React/Core
  - React/RCTSettings (0.52.0):
    - React/Core
  - React/RCTText (0.52.0):
    - React/Core
  - React/RCTVibration (0.52.0):
    - React/Core
  - React/RCTWebSocket (0.52.0):
    - React/Core
    - React/fishhook
    - React/RCTBlob
  - yoga (0.52.0.React)

DEPENDENCIES:
  - Firebase/Core
  - Firebase/Database
  - Firebase/Messaging
  - GoogleToolboxForMac (~> 2.1)
  - GoogleToolboxForMac/Logger
  - react-native-fetch-blob (from `../node_modules/react-native-fetch-blob`)
  - React/BatchedBridge (from `../node_modules/react-native`)
  - React/Core (from `../node_modules/react-native`)
  - React/DevSupport (from `../node_modules/react-native`)
  - React/RCTActionSheet (from `../node_modules/react-native`)
  - React/RCTAnimation (from `../node_modules/react-native`)
  - React/RCTGeolocation (from `../node_modules/react-native`)
  - React/RCTImage (from `../node_modules/react-native`)
  - React/RCTLinkingIOS (from `../node_modules/react-native`)
  - React/RCTNetwork (from `../node_modules/react-native`)
  - React/RCTSettings (from `../node_modules/react-native`)
  - React/RCTText (from `../node_modules/react-native`)
  - React/RCTVibration (from `../node_modules/react-native`)
  - React/RCTWebSocket (from `../node_modules/react-native`)
  - yoga (from `../node_modules/react-native/ReactCommon/yoga/Yoga.podspec`)

EXTERNAL SOURCES:
  React:
    :path: ../node_modules/react-native
  react-native-fetch-blob:
    :path: ../node_modules/react-native-fetch-blob
  yoga:
    :path: ../node_modules/react-native/ReactCommon/yoga/Yoga.podspec

SPEC CHECKSUMS:
  Firebase: 7d3b8cd837ad9fcd391657734c0d56dab8e9a5a3
  FirebaseAnalytics: 388b630c15713f5dbf364071f5f3d6077fb52f4e
  FirebaseCore: 2e0b98fb2d64ca8140136beff15772bdd14d2dd7
  FirebaseDatabase: de4446507ccd3257fca37d16f40e1540324571fd
  FirebaseInstanceID: 81df5805a08001e69138664bdd02c6719a9ac80f
  FirebaseMessaging: dfdcd307c2382290a1e297a81d0f18370f5b1bcd
  GoogleToolboxForMac: 2501e2ad72a52eb3dfe7bd9aee7dad11b858bd20
  leveldb-library: 08cba283675b7ed2d99629a4bc5fd052cd2bb6a5
  nanopb: 5601e6bca2dbf1ed831b519092ec110f66982ca3
  Protobuf: 8a9838fba8dae3389230e1b7f8c104aa32389c03
  React: 61a6bdf17a9ff16875c230e6ff278d9de274e16c
  react-native-fetch-blob: 280c2069529249b35d1d92df065f573dce29d4ff
  yoga: 646606bf554d54a16711f35596178522fbc00480

PODFILE CHECKSUM: c3679793e9f704b3b2605bd95dc19de6dfcebc1e

COCOAPODS: 1.3.1
